
Microsoft Visual Studio Solution File, Format Version 12.00
# Visual Studio 15
VisualStudioVersion = 15.0.27130.2003
MinimumVisualStudioVersion = 10.0.40219.1
Project("{2150E333-8FDC-42A3-9474-1A3956D46DE8}") = "root", "root", "{4C2B7C0C-7CDD-4125-B57A-88E168D24190}"
	ProjectSection(SolutionItems) = preProject
		.appveyor.yml = .appveyor.yml
		.gitattributes = .gitattributes
		.gitignore = .gitignore
		.travis.yml = .travis.yml
		build.cake = build.cake
		CHANGELOG.md = CHANGELOG.md
		config.wyam = config.wyam
		LICENSE.htm = LICENSE.htm
		NuGet.Config = NuGet.Config
		pomma89.snk = pomma89.snk
		README.md = README.md
	EndProjectSection
EndProject
Project("{2150E333-8FDC-42A3-9474-1A3956D46DE8}") = "logo", "logo", "{3939E662-6059-40BF-AD4E-B2D5C11F3DE5}"
	ProjectSection(SolutionItems) = preProject
		logo\logo-128.png = logo\logo-128.png
		logo\logo-256.png = logo\logo-256.png
		logo\logo-32.png = logo\logo-32.png
		logo\logo-64.png = logo\logo-64.png
		logo\logo-modified.png = logo\logo-modified.png
		logo\logo-original.png = logo\logo-original.png
	EndProjectSection
EndProject
Project("{2150E333-8FDC-42A3-9474-1A3956D46DE8}") = "src", "src", "{750142DD-9B82-47CB-A2D5-71E4950843D2}"
	ProjectSection(SolutionItems) = preProject
		src\Directory.Build.props = src\Directory.Build.props
	EndProjectSection
EndProject
Project("{2150E333-8FDC-42A3-9474-1A3956D46DE8}") = "test", "test", "{69DFB95F-7861-4E90-ABC1-33F75FBE67AF}"
	ProjectSection(SolutionItems) = preProject
		test\Directory.Build.props = test\Directory.Build.props
	EndProjectSection
EndProject
Project("{9A19103F-16F7-4668-BE54-9A1E7A4F7556}") = "CodeProject.ObjectPool", "src\CodeProject.ObjectPool\CodeProject.ObjectPool.csproj", "{1EB57169-091A-4B53-9ED1-8B0D015E8B0A}"
EndProject
Project("{9A19103F-16F7-4668-BE54-9A1E7A4F7556}") = "CodeProject.ObjectPool.UnitTests", "test\CodeProject.ObjectPool.UnitTests\CodeProject.ObjectPool.UnitTests.csproj", "{3D1139BD-B992-487B-9E55-CF052D815450}"
EndProject
Project("{9A19103F-16F7-4668-BE54-9A1E7A4F7556}") = "CodeProject.ObjectPool.Benchmarks", "test\CodeProject.ObjectPool.Benchmarks\CodeProject.ObjectPool.Benchmarks.csproj", "{9C66B27C-8424-4D2E-A033-612776D59202}"
EndProject
Project("{9A19103F-16F7-4668-BE54-9A1E7A4F7556}") = "CodeProject.ObjectPool.Examples", "test\CodeProject.ObjectPool.Examples\CodeProject.ObjectPool.Examples.csproj", "{362C2E4A-3EE7-41BE-A233-70649B258439}"
EndProject
Project("{2150E333-8FDC-42A3-9474-1A3956D46DE8}") = "tools", "tools", "{DA3DC42C-80E7-4559-9737-F13BE6F4565C}"
	ProjectSection(SolutionItems) = preProject
		tools\packages.config = tools\packages.config
	EndProjectSection
EndProject
Project("{9A19103F-16F7-4668-BE54-9A1E7A4F7556}") = "CodeProject.ObjectPool.MicrosoftExtensionsAdapter", "src\CodeProject.ObjectPool.MicrosoftExtensionsAdapter\CodeProject.ObjectPool.MicrosoftExtensionsAdapter.csproj", "{1B2704CE-B3C5-4566-A932-C339E6BDD1CC}"
EndProject
Global
	GlobalSection(SolutionConfigurationPlatforms) = preSolution
		Debug|Any CPU = Debug|Any CPU
		Release|Any CPU = Release|Any CPU
	EndGlobalSection
	GlobalSection(ProjectConfigurationPlatforms) = postSolution
		{1EB57169-091A-4B53-9ED1-8B0D015E8B0A}.Debug|Any CPU.ActiveCfg = Debug|Any CPU
		{1EB57169-091A-4B53-9ED1-8B0D015E8B0A}.Debug|Any CPU.Build.0 = Debug|Any CPU
		{1EB57169-091A-4B53-9ED1-8B0D015E8B0A}.Release|Any CPU.ActiveCfg = Release|Any CPU
		{1EB57169-091A-4B53-9ED1-8B0D015E8B0A}.Release|Any CPU.Build.0 = Release|Any CPU
		{3D1139BD-B992-487B-9E55-CF052D815450}.Debug|Any CPU.ActiveCfg = Debug|Any CPU
		{3D1139BD-B992-487B-9E55-CF052D815450}.Debug|Any CPU.Build.0 = Debug|Any CPU
		{3D1139BD-B992-487B-9E55-CF052D815450}.Release|Any CPU.ActiveCfg = Release|Any CPU
		{3D1139BD-B992-487B-9E55-CF052D815450}.Release|Any CPU.Build.0 = Release|Any CPU
		{9C66B27C-8424-4D2E-A033-612776D59202}.Debug|Any CPU.ActiveCfg = Debug|Any CPU
		{9C66B27C-8424-4D2E-A033-612776D59202}.Debug|Any CPU.Build.0 = Debug|Any CPU
		{9C66B27C-8424-4D2E-A033-612776D59202}.Release|Any CPU.ActiveCfg = Release|Any CPU
		{9C66B27C-8424-4D2E-A033-612776D59202}.Release|Any CPU.Build.0 = Release|Any CPU
		{362C2E4A-3EE7-41BE-A233-70649B258439}.Debug|Any CPU.ActiveCfg = Debug|Any CPU
		{362C2E4A-3EE7-41BE-A233-70649B258439}.Debug|Any CPU.Build.0 = Debug|Any CPU
		{362C2E4A-3EE7-41BE-A233-70649B258439}.Release|Any CPU.ActiveCfg = Release|Any CPU
		{362C2E4A-3EE7-41BE-A233-70649B258439}.Release|Any CPU.Build.0 = Release|Any CPU
		{1B2704CE-B3C5-4566-A932-C339E6BDD1CC}.Debug|Any CPU.ActiveCfg = Debug|Any CPU
		{1B2704CE-B3C5-4566-A932-C339E6BDD1CC}.Debug|Any CPU.Build.0 = Debug|Any CPU
		{1B2704CE-B3C5-4566-A932-C339E6BDD1CC}.Release|Any CPU.ActiveCfg = Release|Any CPU
		{1B2704CE-B3C5-4566-A932-C339E6BDD1CC}.Release|Any CPU.Build.0 = Release|Any CPU
	EndGlobalSection
	GlobalSection(SolutionProperties) = preSolution
		HideSolutionNode = FALSE
	EndGlobalSection
	GlobalSection(NestedProjects) = preSolution
		{1EB57169-091A-4B53-9ED1-8B0D015E8B0A} = {750142DD-9B82-47CB-A2D5-71E4950843D2}
		{3D1139BD-B992-487B-9E55-CF052D815450} = {69DFB95F-7861-4E90-ABC1-33F75FBE67AF}
		{9C66B27C-8424-4D2E-A033-612776D59202} = {69DFB95F-7861-4E90-ABC1-33F75FBE67AF}
		{362C2E4A-3EE7-41BE-A233-70649B258439} = {69DFB95F-7861-4E90-ABC1-33F75FBE67AF}
		{DA3DC42C-80E7-4559-9737-F13BE6F4565C} = {4C2B7C0C-7CDD-4125-B57A-88E168D24190}
		{1B2704CE-B3C5-4566-A932-C339E6BDD1CC} = {750142DD-9B82-47CB-A2D5-71E4950843D2}
	EndGlobalSection
	GlobalSection(ExtensibilityGlobals) = postSolution
		SolutionGuid = {4C81698D-E18E-4669-B9D3-7FEFA57C794D}
	EndGlobalSection
EndGlobal
