
Microsoft Visual Studio Solution File, Format Version 12.00
# Visual Studio 14
VisualStudioVersion = 14.0.25420.1
MinimumVisualStudioVersion = 10.0.40219.1
Project("{FAE04EC0-301F-11D3-BF4B-00C04F79EFBC}") = "ObjectPool.NETSTD11", "Platform Specific\ObjectPool.NETSTD11\ObjectPool.NETSTD11.csproj", "{B5106212-8593-4599-B966-113DCB9F8F35}"
EndProject
Project("{FAE04EC0-301F-11D3-BF4B-00C04F79EFBC}") = "ObjectPool.Examples", "ObjectPool.Examples\ObjectPool.Examples.csproj", "{AAE3C3EB-A29B-44C1-8CFE-2B7745ED5F7D}"
EndProject
Project("{2150E333-8FDC-42A3-9474-1A3956D46DE8}") = "Solution Items", "Solution Items", "{4C2B7C0C-7CDD-4125-B57A-88E168D24190}"
	ProjectSection(SolutionItems) = preProject
		.gitattributes = .gitattributes
		.gitignore = .gitignore
		appveyor.yml = appveyor.yml
		build.fsx = build.fsx
		CHANGELOG.md = CHANGELOG.md
		LICENSE.htm = LICENSE.htm
		pomma89.snk = pomma89.snk
		README.md = README.md
		VERSION.md = VERSION.md
	EndProjectSection
EndProject
Project("{FAE04EC0-301F-11D3-BF4B-00C04F79EFBC}") = "ObjectPool.NuGet", "ObjectPool.NuGet\ObjectPool.NuGet.csproj", "{0451BAEF-DF2E-4B98-8644-94EE9415E389}"
	ProjectSection(ProjectDependencies) = postProject
		{BB805911-63DD-4E2E-A03C-963DA1C72738} = {BB805911-63DD-4E2E-A03C-963DA1C72738}
		{B5106212-8593-4599-B966-113DCB9F8F35} = {B5106212-8593-4599-B966-113DCB9F8F35}
		{0031C03A-A007-4844-A8E6-DDAAF90DD4FC} = {0031C03A-A007-4844-A8E6-DDAAF90DD4FC}
		{4044415E-CEF6-4A0D-A675-5AEDE6FDADDA} = {4044415E-CEF6-4A0D-A675-5AEDE6FDADDA}
		{F996E787-D6E2-4FFB-A328-087B031AC32E} = {F996E787-D6E2-4FFB-A328-087B031AC32E}
		{E5A900A0-0564-489D-AEF0-2C4FB9928614} = {E5A900A0-0564-489D-AEF0-2C4FB9928614}
	EndProjectSection
EndProject
Project("{2150E333-8FDC-42A3-9474-1A3956D46DE8}") = "Project Logo", "Project Logo", "{46B475AA-C638-49F7-A102-666505D5A5F1}"
	ProjectSection(SolutionItems) = preProject
		Project Logo\logo-128.png = Project Logo\logo-128.png
		Project Logo\logo-256.png = Project Logo\logo-256.png
		Project Logo\logo-32.png = Project Logo\logo-32.png
		Project Logo\logo-64.png = Project Logo\logo-64.png
		Project Logo\logo-modified.png = Project Logo\logo-modified.png
		Project Logo\logo-original.png = Project Logo\logo-original.png
	EndProjectSection
EndProject
Project("{FAE04EC0-301F-11D3-BF4B-00C04F79EFBC}") = "ObjectPool.NET40", "Platform Specific\ObjectPool.NET40\ObjectPool.NET40.csproj", "{BB805911-63DD-4E2E-A03C-963DA1C72738}"
EndProject
Project("{2150E333-8FDC-42A3-9474-1A3956D46DE8}") = "Platform Specific", "Platform Specific", "{DA7B6E03-9A11-413E-809D-7D4B3467FA10}"
EndProject
Project("{D954291E-2A0B-460D-934E-DC6B0785DB48}") = "ObjectPool", "ObjectPool\ObjectPool.shproj", "{5AB13E6F-960E-4688-86FF-5A1A1BD2A935}"
EndProject
Project("{D954291E-2A0B-460D-934E-DC6B0785DB48}") = "ObjectPool.UnitTests", "ObjectPool.UnitTests\ObjectPool.UnitTests.shproj", "{64E981E2-A63D-479E-A59E-EC4CB9ACC4E7}"
EndProject
Project("{FAE04EC0-301F-11D3-BF4B-00C04F79EFBC}") = "ObjectPool.NET45", "Platform Specific\ObjectPool.NET45\ObjectPool.NET45.csproj", "{E5A900A0-0564-489D-AEF0-2C4FB9928614}"
EndProject
Project("{FAE04EC0-301F-11D3-BF4B-00C04F79EFBC}") = "ObjectPool.UnitTests.NET45", "Platform Specific\ObjectPool.UnitTests.NET45\ObjectPool.UnitTests.NET45.csproj", "{F8D47E02-05FB-49F1-A6EF-843EFDB3E19E}"
EndProject
Project("{FAE04EC0-301F-11D3-BF4B-00C04F79EFBC}") = "ObjectPool.NET46", "Platform Specific\ObjectPool.NET46\ObjectPool.NET46.csproj", "{0031C03A-A007-4844-A8E6-DDAAF90DD4FC}"
EndProject
Project("{FAE04EC0-301F-11D3-BF4B-00C04F79EFBC}") = "ObjectPool.UnitTests.NET40", "Platform Specific\ObjectPool.UnitTests.NET40\ObjectPool.UnitTests.NET40.csproj", "{C7654D29-C033-4FFA-8346-6E0D0081BF63}"
EndProject
Project("{FAE04EC0-301F-11D3-BF4B-00C04F79EFBC}") = "ObjectPool.UnitTests.NET46", "Platform Specific\ObjectPool.UnitTests.NET46\ObjectPool.UnitTests.NET46.csproj", "{2296C5F1-406C-4FD7-BF21-8BF6163BAA47}"
EndProject
Project("{FAE04EC0-301F-11D3-BF4B-00C04F79EFBC}") = "ObjectPool.Portable", "Platform Specific\ObjectPool.Portable\ObjectPool.Portable.csproj", "{F996E787-D6E2-4FFB-A328-087B031AC32E}"
EndProject
Project("{FAE04EC0-301F-11D3-BF4B-00C04F79EFBC}") = "ObjectPool.Benchmarks", "ObjectPool.Benchmarks\ObjectPool.Benchmarks.csproj", "{A43DCCE5-21DE-4011-88CD-DF2749622EA3}"
EndProject
Project("{FAE04EC0-301F-11D3-BF4B-00C04F79EFBC}") = "ObjectPool.NET35", "Platform Specific\ObjectPool.NET35\ObjectPool.NET35.csproj", "{4044415E-CEF6-4A0D-A675-5AEDE6FDADDA}"
EndProject
Project("{FAE04EC0-301F-11D3-BF4B-00C04F79EFBC}") = "ObjectPool.UnitTests.NET35", "Platform Specific\ObjectPool.UnitTests.NET35\ObjectPool.UnitTests.NET35.csproj", "{978E9899-E43F-4A53-AB06-33BCB0471C84}"
EndProject
Global
	GlobalSection(SharedMSBuildProjectFiles) = preSolution
		ObjectPool\ObjectPool.projitems*{0031c03a-a007-4844-a8e6-ddaaf90dd4fc}*SharedItemsImports = 4
		ObjectPool.UnitTests\ObjectPool.UnitTests.projitems*{2296c5f1-406c-4fd7-bf21-8bf6163baa47}*SharedItemsImports = 4
		ObjectPool\ObjectPool.projitems*{4044415e-cef6-4a0d-a675-5aede6fdadda}*SharedItemsImports = 4
		ObjectPool\ObjectPool.projitems*{5ab13e6f-960e-4688-86ff-5a1a1bd2a935}*SharedItemsImports = 13
		ObjectPool.UnitTests\ObjectPool.UnitTests.projitems*{64e981e2-a63d-479e-a59e-ec4cb9acc4e7}*SharedItemsImports = 13
		ObjectPool.UnitTests\ObjectPool.UnitTests.projitems*{978e9899-e43f-4a53-ab06-33bcb0471c84}*SharedItemsImports = 4
		ObjectPool\ObjectPool.projitems*{b5106212-8593-4599-b966-113dcb9f8f35}*SharedItemsImports = 4
		ObjectPool\ObjectPool.projitems*{bb805911-63dd-4e2e-a03c-963da1c72738}*SharedItemsImports = 4
		ObjectPool.UnitTests\ObjectPool.UnitTests.projitems*{c7654d29-c033-4ffa-8346-6e0d0081bf63}*SharedItemsImports = 4
		ObjectPool\ObjectPool.projitems*{e5a900a0-0564-489d-aef0-2c4fb9928614}*SharedItemsImports = 4
		ObjectPool.UnitTests\ObjectPool.UnitTests.projitems*{f8d47e02-05fb-49f1-a6ef-843efdb3e19e}*SharedItemsImports = 4
		ObjectPool\ObjectPool.projitems*{f996e787-d6e2-4ffb-a328-087b031ac32e}*SharedItemsImports = 4
	EndGlobalSection
	GlobalSection(SolutionConfigurationPlatforms) = preSolution
		Debug|Any CPU = Debug|Any CPU
		Publish|Any CPU = Publish|Any CPU
		Release|Any CPU = Release|Any CPU
	EndGlobalSection
	GlobalSection(ProjectConfigurationPlatforms) = postSolution
		{B5106212-8593-4599-B966-113DCB9F8F35}.Debug|Any CPU.ActiveCfg = Debug|Any CPU
		{B5106212-8593-4599-B966-113DCB9F8F35}.Debug|Any CPU.Build.0 = Debug|Any CPU
		{B5106212-8593-4599-B966-113DCB9F8F35}.Publish|Any CPU.ActiveCfg = Release|Any CPU
		{B5106212-8593-4599-B966-113DCB9F8F35}.Publish|Any CPU.Build.0 = Release|Any CPU
		{B5106212-8593-4599-B966-113DCB9F8F35}.Release|Any CPU.ActiveCfg = Release|Any CPU
		{B5106212-8593-4599-B966-113DCB9F8F35}.Release|Any CPU.Build.0 = Release|Any CPU
		{AAE3C3EB-A29B-44C1-8CFE-2B7745ED5F7D}.Debug|Any CPU.ActiveCfg = Debug|Any CPU
		{AAE3C3EB-A29B-44C1-8CFE-2B7745ED5F7D}.Debug|Any CPU.Build.0 = Debug|Any CPU
		{AAE3C3EB-A29B-44C1-8CFE-2B7745ED5F7D}.Publish|Any CPU.ActiveCfg = Release|Any CPU
		{AAE3C3EB-A29B-44C1-8CFE-2B7745ED5F7D}.Release|Any CPU.ActiveCfg = Release|Any CPU
		{AAE3C3EB-A29B-44C1-8CFE-2B7745ED5F7D}.Release|Any CPU.Build.0 = Release|Any CPU
		{0451BAEF-DF2E-4B98-8644-94EE9415E389}.Debug|Any CPU.ActiveCfg = Debug|Any CPU
		{0451BAEF-DF2E-4B98-8644-94EE9415E389}.Publish|Any CPU.ActiveCfg = Debug|Any CPU
		{0451BAEF-DF2E-4B98-8644-94EE9415E389}.Publish|Any CPU.Build.0 = Debug|Any CPU
		{0451BAEF-DF2E-4B98-8644-94EE9415E389}.Release|Any CPU.ActiveCfg = Debug|Any CPU
		{BB805911-63DD-4E2E-A03C-963DA1C72738}.Debug|Any CPU.ActiveCfg = Debug|Any CPU
		{BB805911-63DD-4E2E-A03C-963DA1C72738}.Debug|Any CPU.Build.0 = Debug|Any CPU
		{BB805911-63DD-4E2E-A03C-963DA1C72738}.Publish|Any CPU.ActiveCfg = Release|Any CPU
		{BB805911-63DD-4E2E-A03C-963DA1C72738}.Publish|Any CPU.Build.0 = Release|Any CPU
		{BB805911-63DD-4E2E-A03C-963DA1C72738}.Release|Any CPU.ActiveCfg = Release|Any CPU
		{BB805911-63DD-4E2E-A03C-963DA1C72738}.Release|Any CPU.Build.0 = Release|Any CPU
		{E5A900A0-0564-489D-AEF0-2C4FB9928614}.Debug|Any CPU.ActiveCfg = Debug|Any CPU
		{E5A900A0-0564-489D-AEF0-2C4FB9928614}.Debug|Any CPU.Build.0 = Debug|Any CPU
		{E5A900A0-0564-489D-AEF0-2C4FB9928614}.Publish|Any CPU.ActiveCfg = Release|Any CPU
		{E5A900A0-0564-489D-AEF0-2C4FB9928614}.Publish|Any CPU.Build.0 = Release|Any CPU
		{E5A900A0-0564-489D-AEF0-2C4FB9928614}.Release|Any CPU.ActiveCfg = Release|Any CPU
		{E5A900A0-0564-489D-AEF0-2C4FB9928614}.Release|Any CPU.Build.0 = Release|Any CPU
		{F8D47E02-05FB-49F1-A6EF-843EFDB3E19E}.Debug|Any CPU.ActiveCfg = Debug|Any CPU
		{F8D47E02-05FB-49F1-A6EF-843EFDB3E19E}.Debug|Any CPU.Build.0 = Debug|Any CPU
		{F8D47E02-05FB-49F1-A6EF-843EFDB3E19E}.Publish|Any CPU.ActiveCfg = Release|Any CPU
		{F8D47E02-05FB-49F1-A6EF-843EFDB3E19E}.Release|Any CPU.ActiveCfg = Release|Any CPU
		{F8D47E02-05FB-49F1-A6EF-843EFDB3E19E}.Release|Any CPU.Build.0 = Release|Any CPU
		{0031C03A-A007-4844-A8E6-DDAAF90DD4FC}.Debug|Any CPU.ActiveCfg = Debug|Any CPU
		{0031C03A-A007-4844-A8E6-DDAAF90DD4FC}.Debug|Any CPU.Build.0 = Debug|Any CPU
		{0031C03A-A007-4844-A8E6-DDAAF90DD4FC}.Publish|Any CPU.ActiveCfg = Release|Any CPU
		{0031C03A-A007-4844-A8E6-DDAAF90DD4FC}.Publish|Any CPU.Build.0 = Release|Any CPU
		{0031C03A-A007-4844-A8E6-DDAAF90DD4FC}.Release|Any CPU.ActiveCfg = Release|Any CPU
		{0031C03A-A007-4844-A8E6-DDAAF90DD4FC}.Release|Any CPU.Build.0 = Release|Any CPU
		{C7654D29-C033-4FFA-8346-6E0D0081BF63}.Debug|Any CPU.ActiveCfg = Debug|Any CPU
		{C7654D29-C033-4FFA-8346-6E0D0081BF63}.Debug|Any CPU.Build.0 = Debug|Any CPU
		{C7654D29-C033-4FFA-8346-6E0D0081BF63}.Publish|Any CPU.ActiveCfg = Release|Any CPU
		{C7654D29-C033-4FFA-8346-6E0D0081BF63}.Release|Any CPU.ActiveCfg = Release|Any CPU
		{C7654D29-C033-4FFA-8346-6E0D0081BF63}.Release|Any CPU.Build.0 = Release|Any CPU
		{2296C5F1-406C-4FD7-BF21-8BF6163BAA47}.Debug|Any CPU.ActiveCfg = Debug|Any CPU
		{2296C5F1-406C-4FD7-BF21-8BF6163BAA47}.Debug|Any CPU.Build.0 = Debug|Any CPU
		{2296C5F1-406C-4FD7-BF21-8BF6163BAA47}.Publish|Any CPU.ActiveCfg = Release|Any CPU
		{2296C5F1-406C-4FD7-BF21-8BF6163BAA47}.Release|Any CPU.ActiveCfg = Release|Any CPU
		{2296C5F1-406C-4FD7-BF21-8BF6163BAA47}.Release|Any CPU.Build.0 = Release|Any CPU
		{F996E787-D6E2-4FFB-A328-087B031AC32E}.Debug|Any CPU.ActiveCfg = Debug|Any CPU
		{F996E787-D6E2-4FFB-A328-087B031AC32E}.Debug|Any CPU.Build.0 = Debug|Any CPU
		{F996E787-D6E2-4FFB-A328-087B031AC32E}.Publish|Any CPU.ActiveCfg = Release|Any CPU
		{F996E787-D6E2-4FFB-A328-087B031AC32E}.Publish|Any CPU.Build.0 = Release|Any CPU
		{F996E787-D6E2-4FFB-A328-087B031AC32E}.Release|Any CPU.ActiveCfg = Release|Any CPU
		{F996E787-D6E2-4FFB-A328-087B031AC32E}.Release|Any CPU.Build.0 = Release|Any CPU
		{A43DCCE5-21DE-4011-88CD-DF2749622EA3}.Debug|Any CPU.ActiveCfg = Debug|Any CPU
		{A43DCCE5-21DE-4011-88CD-DF2749622EA3}.Debug|Any CPU.Build.0 = Debug|Any CPU
		{A43DCCE5-21DE-4011-88CD-DF2749622EA3}.Publish|Any CPU.ActiveCfg = Release|Any CPU
		{A43DCCE5-21DE-4011-88CD-DF2749622EA3}.Publish|Any CPU.Build.0 = Release|Any CPU
		{A43DCCE5-21DE-4011-88CD-DF2749622EA3}.Release|Any CPU.ActiveCfg = Release|Any CPU
		{A43DCCE5-21DE-4011-88CD-DF2749622EA3}.Release|Any CPU.Build.0 = Release|Any CPU
		{4044415E-CEF6-4A0D-A675-5AEDE6FDADDA}.Debug|Any CPU.ActiveCfg = Debug|Any CPU
		{4044415E-CEF6-4A0D-A675-5AEDE6FDADDA}.Debug|Any CPU.Build.0 = Debug|Any CPU
		{4044415E-CEF6-4A0D-A675-5AEDE6FDADDA}.Publish|Any CPU.ActiveCfg = Release|Any CPU
		{4044415E-CEF6-4A0D-A675-5AEDE6FDADDA}.Publish|Any CPU.Build.0 = Release|Any CPU
		{4044415E-CEF6-4A0D-A675-5AEDE6FDADDA}.Release|Any CPU.ActiveCfg = Release|Any CPU
		{4044415E-CEF6-4A0D-A675-5AEDE6FDADDA}.Release|Any CPU.Build.0 = Release|Any CPU
		{978E9899-E43F-4A53-AB06-33BCB0471C84}.Debug|Any CPU.ActiveCfg = Debug|Any CPU
		{978E9899-E43F-4A53-AB06-33BCB0471C84}.Debug|Any CPU.Build.0 = Debug|Any CPU
		{978E9899-E43F-4A53-AB06-33BCB0471C84}.Publish|Any CPU.ActiveCfg = Release|Any CPU
		{978E9899-E43F-4A53-AB06-33BCB0471C84}.Release|Any CPU.ActiveCfg = Release|Any CPU
		{978E9899-E43F-4A53-AB06-33BCB0471C84}.Release|Any CPU.Build.0 = Release|Any CPU
	EndGlobalSection
	GlobalSection(SolutionProperties) = preSolution
		HideSolutionNode = FALSE
	EndGlobalSection
	GlobalSection(NestedProjects) = preSolution
		{B5106212-8593-4599-B966-113DCB9F8F35} = {DA7B6E03-9A11-413E-809D-7D4B3467FA10}
		{BB805911-63DD-4E2E-A03C-963DA1C72738} = {DA7B6E03-9A11-413E-809D-7D4B3467FA10}
		{E5A900A0-0564-489D-AEF0-2C4FB9928614} = {DA7B6E03-9A11-413E-809D-7D4B3467FA10}
		{F8D47E02-05FB-49F1-A6EF-843EFDB3E19E} = {DA7B6E03-9A11-413E-809D-7D4B3467FA10}
		{0031C03A-A007-4844-A8E6-DDAAF90DD4FC} = {DA7B6E03-9A11-413E-809D-7D4B3467FA10}
		{C7654D29-C033-4FFA-8346-6E0D0081BF63} = {DA7B6E03-9A11-413E-809D-7D4B3467FA10}
		{2296C5F1-406C-4FD7-BF21-8BF6163BAA47} = {DA7B6E03-9A11-413E-809D-7D4B3467FA10}
		{F996E787-D6E2-4FFB-A328-087B031AC32E} = {DA7B6E03-9A11-413E-809D-7D4B3467FA10}
		{4044415E-CEF6-4A0D-A675-5AEDE6FDADDA} = {DA7B6E03-9A11-413E-809D-7D4B3467FA10}
		{978E9899-E43F-4A53-AB06-33BCB0471C84} = {DA7B6E03-9A11-413E-809D-7D4B3467FA10}
	EndGlobalSection
EndGlobal
